
Microsoft Visual Studio Solution File, Format Version 12.00
# Visual Studio Version 17
VisualStudioVersion = 17.11.35327.3
MinimumVisualStudioVersion = 10.0.40219.1
Project("{FAE04EC0-301F-11D3-BF4B-00C04F79EFBC}") = "PizzaGUI", "PizzaGUI.csproj", "{DAD99F56-F1D1-4EAF-A1E4-F3B8EA528FB9}"
EndProject
Global
	GlobalSection(SolutionConfigurationPlatforms) = preSolution
		Debug|Any CPU = Debug|Any CPU
		Release|Any CPU = Release|Any CPU
	EndGlobalSection
	GlobalSection(ProjectConfigurationPlatforms) = postSolution
		{DAD99F56-F1D1-4EAF-A1E4-F3B8EA528FB9}.Debug|Any CPU.ActiveCfg = Debug|Any CPU
		{DAD99F56-F1D1-4EAF-A1E4-F3B8EA528FB9}.Debug|Any CPU.Build.0 = Debug|Any CPU
		{DAD99F56-F1D1-4EAF-A1E4-F3B8EA528FB9}.Release|Any CPU.ActiveCfg = Release|Any CPU
		{DAD99F56-F1D1-4EAF-A1E4-F3B8EA528FB9}.Release|Any CPU.Build.0 = Release|Any CPU
	EndGlobalSection
	GlobalSection(SolutionProperties) = preSolution
		HideSolutionNode = FALSE
	EndGlobalSection
	GlobalSection(ExtensibilityGlobals) = postSolution
		SolutionGuid = {CBAB18C4-F1ED-4455-B385-E12CD468D22C}
	EndGlobalSection
EndGlobal
